
Microsoft Visual Studio Solution File, Format Version 12.00
# Visual Studio Version 17
VisualStudioVersion = 17.8.34316.72
MinimumVisualStudioVersion = 10.0.40219.1
Project("{FAE04EC0-301F-11D3-BF4B-00C04F79EFBC}") = "RealEstate_Dapper_Api", "RealEstate_Dapper_Api\RealEstate_Dapper_Api.csproj", "{FCD54300-EB26-447A-A535-BEA4717ADB28}"
EndProject
Project("{FAE04EC0-301F-11D3-BF4B-00C04F79EFBC}") = "RealEstate_Dapper_UI", "RealEstate_Dapper_UI\RealEstate_Dapper_UI.csproj", "{A276D2D4-6B85-4E54-97B4-BAD5E24FF517}"
EndProject
Global
	GlobalSection(SolutionConfigurationPlatforms) = preSolution
		Debug|Any CPU = Debug|Any CPU
		Release|Any CPU = Release|Any CPU
	EndGlobalSection
	GlobalSection(ProjectConfigurationPlatforms) = postSolution
		{FCD54300-EB26-447A-A535-BEA4717ADB28}.Debug|Any CPU.ActiveCfg = Debug|Any CPU
		{FCD54300-EB26-447A-A535-BEA4717ADB28}.Debug|Any CPU.Build.0 = Debug|Any CPU
		{FCD54300-EB26-447A-A535-BEA4717ADB28}.Release|Any CPU.ActiveCfg = Release|Any CPU
		{FCD54300-EB26-447A-A535-BEA4717ADB28}.Release|Any CPU.Build.0 = Release|Any CPU
		{A276D2D4-6B85-4E54-97B4-BAD5E24FF517}.Debug|Any CPU.ActiveCfg = Debug|Any CPU
		{A276D2D4-6B85-4E54-97B4-BAD5E24FF517}.Debug|Any CPU.Build.0 = Debug|Any CPU
		{A276D2D4-6B85-4E54-97B4-BAD5E24FF517}.Release|Any CPU.ActiveCfg = Release|Any CPU
		{A276D2D4-6B85-4E54-97B4-BAD5E24FF517}.Release|Any CPU.Build.0 = Release|Any CPU
	EndGlobalSection
	GlobalSection(SolutionProperties) = preSolution
		HideSolutionNode = FALSE
	EndGlobalSection
	GlobalSection(ExtensibilityGlobals) = postSolution
		SolutionGuid = {9B4E8C56-6295-4992-B69D-D4FE3EDD95E4}
	EndGlobalSection
EndGlobal
